{
  "requires": true,
  "lockfileVersion": 1,
  "dependencies": {
    "@vue/test-utils": {
      "version": "1.0.0-beta.11",
      "resolved": "https://registry.npmjs.org/@vue/test-utils/-/test-utils-1.0.0-beta.11.tgz",
      "integrity": "sha512-Co8lFJGMRB8yegK3whMlasg9QLeb7zKYjaTyaM4AkKxAwXN0SSYW4NZFOhGVNcnjvRx8KWFfStKM5HQleu3Psw==",
      "dev": true,
      "requires": {
        "lodash": "4.17.4"
      },
      "dependencies": {
        "lodash": {
          "version": "4.17.4",
          "resolved": "https://registry.npmjs.org/lodash/-/lodash-4.17.4.tgz",
          "integrity": "sha1-eCA6TRwyiuHYbcpkYONptX9AVa4=",
          "dev": true
        }
      }
    }
  }
}
